
Microsoft Visual Studio Solution File, Format Version 12.00
# Visual Studio 15
VisualStudioVersion = 15.0.27428.1
MinimumVisualStudioVersion = 10.0.40219.1
Project("{FAE04EC0-301F-11D3-BF4B-00C04F79EFBC}") = "Async", "Async\Async.csproj", "{0A0E1832-3093-4565-B34A-1CF9E9488370}"
EndProject
Global
	GlobalSection(SolutionConfigurationPlatforms) = preSolution
		Debug|Any CPU = Debug|Any CPU
		Release|Any CPU = Release|Any CPU
	EndGlobalSection
	GlobalSection(ProjectConfigurationPlatforms) = postSolution
		{0A0E1832-3093-4565-B34A-1CF9E9488370}.Debug|Any CPU.ActiveCfg = Debug|Any CPU
		{0A0E1832-3093-4565-B34A-1CF9E9488370}.Debug|Any CPU.Build.0 = Debug|Any CPU
		{0A0E1832-3093-4565-B34A-1CF9E9488370}.Release|Any CPU.ActiveCfg = Release|Any CPU
		{0A0E1832-3093-4565-B34A-1CF9E9488370}.Release|Any CPU.Build.0 = Release|Any CPU
	EndGlobalSection
	GlobalSection(SolutionProperties) = preSolution
		HideSolutionNode = FALSE
	EndGlobalSection
	GlobalSection(ExtensibilityGlobals) = postSolution
		SolutionGuid = {5C49DB58-EF7A-4F3C-9A25-2714F99F2961}
	EndGlobalSection
EndGlobal
